
Microsoft Visual Studio Solution File, Format Version 12.00
# Visual Studio 15
VisualStudioVersion = 15.0.28307.572
MinimumVisualStudioVersion = 10.0.40219.1
Project("{FAE04EC0-301F-11D3-BF4B-00C04F79EFBC}") = "CryptoKeys", "CryptoKeys\CryptoKeys.csproj", "{09E18DC4-1072-4868-86A9-937F4B2BDDBF}"
EndProject
Project("{2150E333-8FDC-42A3-9474-1A3956D46DE8}") = "Solution Items", "Solution Items", "{FF676AA0-9FAB-4A0B-9A0C-E186D8E7E5D7}"
EndProject
Global
	GlobalSection(SolutionConfigurationPlatforms) = preSolution
		Debug|Any CPU = Debug|Any CPU
		Release|Any CPU = Release|Any CPU
	EndGlobalSection
	GlobalSection(ProjectConfigurationPlatforms) = postSolution
		{09E18DC4-1072-4868-86A9-937F4B2BDDBF}.Debug|Any CPU.ActiveCfg = Debug|Any CPU
		{09E18DC4-1072-4868-86A9-937F4B2BDDBF}.Debug|Any CPU.Build.0 = Debug|Any CPU
		{09E18DC4-1072-4868-86A9-937F4B2BDDBF}.Release|Any CPU.ActiveCfg = Release|Any CPU
		{09E18DC4-1072-4868-86A9-937F4B2BDDBF}.Release|Any CPU.Build.0 = Release|Any CPU
	EndGlobalSection
	GlobalSection(SolutionProperties) = preSolution
		HideSolutionNode = FALSE
	EndGlobalSection
	GlobalSection(ExtensibilityGlobals) = postSolution
		SolutionGuid = {82E7312D-C16E-4FD0-BEC8-1041C4CD9CAD}
	EndGlobalSection
EndGlobal
